
Microsoft Visual Studio Solution File, Format Version 12.00
# Visual Studio Express 2012 for Windows Desktop
Project("{FAE04EC0-301F-11D3-BF4B-00C04F79EFBC}") = "Kalkulacka1", "Kalkulacka1\Kalkulacka1.csproj", "{39A37EC0-1144-4BCF-BA5F-09421AAD1C41}"
EndProject
Global
	GlobalSection(SolutionConfigurationPlatforms) = preSolution
		Debug|Any CPU = Debug|Any CPU
		Release|Any CPU = Release|Any CPU
	EndGlobalSection
	GlobalSection(ProjectConfigurationPlatforms) = postSolution
		{39A37EC0-1144-4BCF-BA5F-09421AAD1C41}.Debug|Any CPU.ActiveCfg = Debug|Any CPU
		{39A37EC0-1144-4BCF-BA5F-09421AAD1C41}.Debug|Any CPU.Build.0 = Debug|Any CPU
		{39A37EC0-1144-4BCF-BA5F-09421AAD1C41}.Release|Any CPU.ActiveCfg = Release|Any CPU
		{39A37EC0-1144-4BCF-BA5F-09421AAD1C41}.Release|Any CPU.Build.0 = Release|Any CPU
	EndGlobalSection
	GlobalSection(SolutionProperties) = preSolution
		HideSolutionNode = FALSE
	EndGlobalSection
EndGlobal
