
Microsoft Visual Studio Solution File, Format Version 12.00
# Visual Studio Express 2012 for Windows Desktop
Project("{FAE04EC0-301F-11D3-BF4B-00C04F79EFBC}") = "ConsoleApplication1", "ConsoleApplication1\ConsoleApplication1.csproj", "{ECA4A66A-60C5-4F46-96F2-6F0E2D8DCFE1}"
EndProject
Global
	GlobalSection(SolutionConfigurationPlatforms) = preSolution
		Debug|Any CPU = Debug|Any CPU
		Release|Any CPU = Release|Any CPU
	EndGlobalSection
	GlobalSection(ProjectConfigurationPlatforms) = postSolution
		{ECA4A66A-60C5-4F46-96F2-6F0E2D8DCFE1}.Debug|Any CPU.ActiveCfg = Debug|Any CPU
		{ECA4A66A-60C5-4F46-96F2-6F0E2D8DCFE1}.Debug|Any CPU.Build.0 = Debug|Any CPU
		{ECA4A66A-60C5-4F46-96F2-6F0E2D8DCFE1}.Release|Any CPU.ActiveCfg = Release|Any CPU
		{ECA4A66A-60C5-4F46-96F2-6F0E2D8DCFE1}.Release|Any CPU.Build.0 = Release|Any CPU
	EndGlobalSection
	GlobalSection(SolutionProperties) = preSolution
		HideSolutionNode = FALSE
	EndGlobalSection
EndGlobal
